
Microsoft Visual Studio Solution File, Format Version 12.00
# Visual Studio Version 17
VisualStudioVersion = 17.7.34031.279
MinimumVisualStudioVersion = 10.0.40219.1
Project("{9A19103F-16F7-4668-BE54-9A1E7A4F7556}") = "LiteDb.ConsoleApp", "..\..\..\LiteDb.ConsoleApp\LiteDb.ConsoleApp.csproj", "{72DE92C9-4667-49B0-BE2F-59752143A308}"
EndProject
Global
	GlobalSection(SolutionConfigurationPlatforms) = preSolution
		Debug|Any CPU = Debug|Any CPU
		Release|Any CPU = Release|Any CPU
	EndGlobalSection
	GlobalSection(ProjectConfigurationPlatforms) = postSolution
		{72DE92C9-4667-49B0-BE2F-59752143A308}.Debug|Any CPU.ActiveCfg = Debug|Any CPU
		{72DE92C9-4667-49B0-BE2F-59752143A308}.Debug|Any CPU.Build.0 = Debug|Any CPU
		{72DE92C9-4667-49B0-BE2F-59752143A308}.Release|Any CPU.ActiveCfg = Release|Any CPU
		{72DE92C9-4667-49B0-BE2F-59752143A308}.Release|Any CPU.Build.0 = Release|Any CPU
	EndGlobalSection
	GlobalSection(SolutionProperties) = preSolution
		HideSolutionNode = FALSE
	EndGlobalSection
	GlobalSection(ExtensibilityGlobals) = postSolution
		SolutionGuid = {CE29A9F1-D27A-433F-BDC7-C4105C80A611}
	EndGlobalSection
EndGlobal
